// !$*UTF8*$!
{
	archiveVersion = 1;
	classes = {
	};
	objectVersion = 48;
	objects = {

/* Begin PBXBuildFile section */
		305ED358201214B500AE36B4 /* GoogleService-Info.plist in Resources */ = {isa = PBXBuildFile; fileRef = 305ED357201214B500AE36B4 /* GoogleService-Info.plist */; };
		305ED359201214B500AE36B4 /* GoogleService-Info.plist in Resources */ = {isa = PBXBuildFile; fileRef = 305ED357201214B500AE36B4 /* GoogleService-Info.plist */; };
		305ED35A201214B500AE36B4 /* GoogleService-Info.plist in Resources */ = {isa = PBXBuildFile; fileRef = 305ED357201214B500AE36B4 /* GoogleService-Info.plist */; };
		52D14FDEB5D26FFF2CF0FE8B /* Pods_SDSUSchedule_IOSTests.framework in Frameworks */ = {isa = PBXBuildFile; fileRef = D138ABFB4210D318A41F6D20 /* Pods_SDSUSchedule_IOSTests.framework */; };
		5F6B46B72DE264A12D8ABFE4 /* Pods_SDSUSchedule_IOSUITests.framework in Frameworks */ = {isa = PBXBuildFile; fileRef = F6296DF0ABB3497A33034877 /* Pods_SDSUSchedule_IOSUITests.framework */; };
		C70A6D0D200A15B30021090F /* AppDelegate.swift in Sources */ = {isa = PBXBuildFile; fileRef = C70A6D0C200A15B30021090F /* AppDelegate.swift */; };
		C70A6D0F200A15B30021090F /* ViewController.swift in Sources */ = {isa = PBXBuildFile; fileRef = C70A6D0E200A15B30021090F /* ViewController.swift */; };
		C70A6D12200A15B30021090F /* Main.storyboard in Resources */ = {isa = PBXBuildFile; fileRef = C70A6D10200A15B30021090F /* Main.storyboard */; };
		C70A6D14200A15B30021090F /* Assets.xcassets in Resources */ = {isa = PBXBuildFile; fileRef = C70A6D13200A15B30021090F /* Assets.xcassets */; };
		C70A6D17200A15B30021090F /* LaunchScreen.storyboard in Resources */ = {isa = PBXBuildFile; fileRef = C70A6D15200A15B30021090F /* LaunchScreen.storyboard */; };
		C70A6D22200A15B30021090F /* SDSUSchedule_IOSTests.swift in Sources */ = {isa = PBXBuildFile; fileRef = C70A6D21200A15B30021090F /* SDSUSchedule_IOSTests.swift */; };
		C70A6D2D200A15B30021090F /* SDSUSchedule_IOSUITests.swift in Sources */ = {isa = PBXBuildFile; fileRef = C70A6D2C200A15B30021090F /* SDSUSchedule_IOSUITests.swift */; };
		CF31C742E58B4E3CC57E23A4 /* Pods_SDSUSchedule_IOS.framework in Frameworks */ = {isa = PBXBuildFile; fileRef = FC0E6C6041156E9E6624CC4B /* Pods_SDSUSchedule_IOS.framework */; };
/* End PBXBuildFile section */

/* Begin PBXContainerItemProxy section */
		C70A6D1E200A15B30021090F /* PBXContainerItemProxy */ = {
			isa = PBXContainerItemProxy;
			containerPortal = C70A6D01200A15B30021090F /* Project object */;
			proxyType = 1;
			remoteGlobalIDString = C70A6D08200A15B30021090F;
			remoteInfo = SDSUSchedule_IOS;
		};
		C70A6D29200A15B30021090F /* PBXContainerItemProxy */ = {
			isa = PBXContainerItemProxy;
			containerPortal = C70A6D01200A15B30021090F /* Project object */;
			proxyType = 1;
			remoteGlobalIDString = C70A6D08200A15B30021090F;
			remoteInfo = SDSUSchedule_IOS;
		};
/* End PBXContainerItemProxy section */

/* Begin PBXFileReference section */
		305ED357201214B500AE36B4 /* GoogleService-Info.plist */ = {isa = PBXFileReference; fileEncoding = 4; lastKnownFileType = text.plist.xml; path = "GoogleService-Info.plist"; sourceTree = SOURCE_ROOT; };
		4A4DFF15AFDDD76BAA986E28 /* Pods-SDSUSchedule_IOSUITests.debug.xcconfig */ = {isa = PBXFileReference; includeInIndex = 1; lastKnownFileType = text.xcconfig; name = "Pods-SDSUSchedule_IOSUITests.debug.xcconfig"; path = "Pods/Target Support Files/Pods-SDSUSchedule_IOSUITests/Pods-SDSUSchedule_IOSUITests.debug.xcconfig"; sourceTree = "<group>"; };
		8B7B163E71350EF18DFDF044 /* Pods-SDSUSchedule_IOSTests.release.xcconfig */ = {isa = PBXFileReference; includeInIndex = 1; lastKnownFileType = text.xcconfig; name = "Pods-SDSUSchedule_IOSTests.release.xcconfig"; path = "Pods/Target Support Files/Pods-SDSUSchedule_IOSTests/Pods-SDSUSchedule_IOSTests.release.xcconfig"; sourceTree = "<group>"; };
		979448811960C5FB4E3738E1 /* Pods-SDSUSchedule_IOS.release.xcconfig */ = {isa = PBXFileReference; includeInIndex = 1; lastKnownFileType = text.xcconfig; name = "Pods-SDSUSchedule_IOS.release.xcconfig"; path = "Pods/Target Support Files/Pods-SDSUSchedule_IOS/Pods-SDSUSchedule_IOS.release.xcconfig"; sourceTree = "<group>"; };
		9D5F218B9333F507D6F5D398 /* Pods-SDSUSchedule_IOS.debug.xcconfig */ = {isa = PBXFileReference; includeInIndex = 1; lastKnownFileType = text.xcconfig; name = "Pods-SDSUSchedule_IOS.debug.xcconfig"; path = "Pods/Target Support Files/Pods-SDSUSchedule_IOS/Pods-SDSUSchedule_IOS.debug.xcconfig"; sourceTree = "<group>"; };
		C70A6D09200A15B30021090F /* SDSUSchedule_IOS.app */ = {isa = PBXFileReference; explicitFileType = wrapper.application; includeInIndex = 0; path = SDSUSchedule_IOS.app; sourceTree = BUILT_PRODUCTS_DIR; };
		C70A6D0C200A15B30021090F /* AppDelegate.swift */ = {isa = PBXFileReference; lastKnownFileType = sourcecode.swift; path = AppDelegate.swift; sourceTree = "<group>"; };
		C70A6D0E200A15B30021090F /* ViewController.swift */ = {isa = PBXFileReference; lastKnownFileType = sourcecode.swift; path = ViewController.swift; sourceTree = "<group>"; };
		C70A6D11200A15B30021090F /* Base */ = {isa = PBXFileReference; lastKnownFileType = file.storyboard; name = Base; path = Base.lproj/Main.storyboard; sourceTree = "<group>"; };
		C70A6D13200A15B30021090F /* Assets.xcassets */ = {isa = PBXFileReference; lastKnownFileType = folder.assetcatalog; path = Assets.xcassets; sourceTree = "<group>"; };
		C70A6D16200A15B30021090F /* Base */ = {isa = PBXFileReference; lastKnownFileType = file.storyboard; name = Base; path = Base.lproj/LaunchScreen.storyboard; sourceTree = "<group>"; };
		C70A6D18200A15B30021090F /* Info.plist */ = {isa = PBXFileReference; lastKnownFileType = text.plist.xml; path = Info.plist; sourceTree = "<group>"; };
		C70A6D1D200A15B30021090F /* SDSUSchedule_IOSTests.xctest */ = {isa = PBXFileReference; explicitFileType = wrapper.cfbundle; includeInIndex = 0; path = SDSUSchedule_IOSTests.xctest; sourceTree = BUILT_PRODUCTS_DIR; };
		C70A6D21200A15B30021090F /* SDSUSchedule_IOSTests.swift */ = {isa = PBXFileReference; lastKnownFileType = sourcecode.swift; path = SDSUSchedule_IOSTests.swift; sourceTree = "<group>"; };
		C70A6D23200A15B30021090F /* Info.plist */ = {isa = PBXFileReference; lastKnownFileType = text.plist.xml; path = Info.plist; sourceTree = "<group>"; };
		C70A6D28200A15B30021090F /* SDSUSchedule_IOSUITests.xctest */ = {isa = PBXFileReference; explicitFileType = wrapper.cfbundle; includeInIndex = 0; path = SDSUSchedule_IOSUITests.xctest; sourceTree = BUILT_PRODUCTS_DIR; };
		C70A6D2C200A15B30021090F /* SDSUSchedule_IOSUITests.swift */ = {isa = PBXFileReference; lastKnownFileType = sourcecode.swift; path = SDSUSchedule_IOSUITests.swift; sourceTree = "<group>"; };
		C70A6D2E200A15B30021090F /* Info.plist */ = {isa = PBXFileReference; lastKnownFileType = text.plist.xml; path = Info.plist; sourceTree = "<group>"; };
		D12D566DEF263DE5DD652A2C /* Pods-SDSUSchedule_IOSTests.debug.xcconfig */ = {isa = PBXFileReference; includeInIndex = 1; lastKnownFileType = text.xcconfig; name = "Pods-SDSUSchedule_IOSTests.debug.xcconfig"; path = "Pods/Target Support Files/Pods-SDSUSchedule_IOSTests/Pods-SDSUSchedule_IOSTests.debug.xcconfig"; sourceTree = "<group>"; };
		D138ABFB4210D318A41F6D20 /* Pods_SDSUSchedule_IOSTests.framework */ = {isa = PBXFileReference; explicitFileType = wrapper.framework; includeInIndex = 0; path = Pods_SDSUSchedule_IOSTests.framework; sourceTree = BUILT_PRODUCTS_DIR; };
		EB43E2AB200E36A800162BF8 /* SDSUSchedule_IOS.entitlements */ = {isa = PBXFileReference; lastKnownFileType = text.plist.entitlements; path = SDSUSchedule_IOS.entitlements; sourceTree = "<group>"; };
		F6296DF0ABB3497A33034877 /* Pods_SDSUSchedule_IOSUITests.framework */ = {isa = PBXFileReference; explicitFileType = wrapper.framework; includeInIndex = 0; path = Pods_SDSUSchedule_IOSUITests.framework; sourceTree = BUILT_PRODUCTS_DIR; };
		F630A44E42D5E8C075DF31C9 /* Pods-SDSUSchedule_IOSUITests.release.xcconfig */ = {isa = PBXFileReference; includeInIndex = 1; lastKnownFileType = text.xcconfig; name = "Pods-SDSUSchedule_IOSUITests.release.xcconfig"; path = "Pods/Target Support Files/Pods-SDSUSchedule_IOSUITests/Pods-SDSUSchedule_IOSUITests.release.xcconfig"; sourceTree = "<group>"; };
		FC0E6C6041156E9E6624CC4B /* Pods_SDSUSchedule_IOS.framework */ = {isa = PBXFileReference; explicitFileType = wrapper.framework; includeInIndex = 0; path = Pods_SDSUSchedule_IOS.framework; sourceTree = BUILT_PRODUCTS_DIR; };
/* End PBXFileReference section */

/* Begin PBXFrameworksBuildPhase section */
		C70A6D06200A15B30021090F /* Frameworks */ = {
			isa = PBXFrameworksBuildPhase;
			buildActionMask = 2147483647;
			files = (
				CF31C742E58B4E3CC57E23A4 /* Pods_SDSUSchedule_IOS.framework in Frameworks */,
			);
			runOnlyForDeploymentPostprocessing = 0;
		};
		C70A6D1A200A15B30021090F /* Frameworks */ = {
			isa = PBXFrameworksBuildPhase;
			buildActionMask = 2147483647;
			files = (
				52D14FDEB5D26FFF2CF0FE8B /* Pods_SDSUSchedule_IOSTests.framework in Frameworks */,
			);
			runOnlyForDeploymentPostprocessing = 0;
		};
		C70A6D25200A15B30021090F /* Frameworks */ = {
			isa = PBXFrameworksBuildPhase;
			buildActionMask = 2147483647;
			files = (
				5F6B46B72DE264A12D8ABFE4 /* Pods_SDSUSchedule_IOSUITests.framework in Frameworks */,
			);
			runOnlyForDeploymentPostprocessing = 0;
		};
/* End PBXFrameworksBuildPhase section */

/* Begin PBXGroup section */
		1C8AE0301730261EC8E01E2C /* Pods */ = {
			isa = PBXGroup;
			children = (
				9D5F218B9333F507D6F5D398 /* Pods-SDSUSchedule_IOS.debug.xcconfig */,
				979448811960C5FB4E3738E1 /* Pods-SDSUSchedule_IOS.release.xcconfig */,
				D12D566DEF263DE5DD652A2C /* Pods-SDSUSchedule_IOSTests.debug.xcconfig */,
				8B7B163E71350EF18DFDF044 /* Pods-SDSUSchedule_IOSTests.release.xcconfig */,
				4A4DFF15AFDDD76BAA986E28 /* Pods-SDSUSchedule_IOSUITests.debug.xcconfig */,
				F630A44E42D5E8C075DF31C9 /* Pods-SDSUSchedule_IOSUITests.release.xcconfig */,
			);
			name = Pods;
			sourceTree = "<group>";
		};
		AFE3945CB238B466DA486F1C /* Frameworks */ = {
			isa = PBXGroup;
			children = (
				FC0E6C6041156E9E6624CC4B /* Pods_SDSUSchedule_IOS.framework */,
				D138ABFB4210D318A41F6D20 /* Pods_SDSUSchedule_IOSTests.framework */,
				F6296DF0ABB3497A33034877 /* Pods_SDSUSchedule_IOSUITests.framework */,
			);
			name = Frameworks;
			sourceTree = "<group>";
		};
		C70A6D00200A15B30021090F = {
			isa = PBXGroup;
			children = (
				C70A6D0B200A15B30021090F /* SDSUSchedule_IOS */,
				C70A6D20200A15B30021090F /* SDSUSchedule_IOSTests */,
				C70A6D2B200A15B30021090F /* SDSUSchedule_IOSUITests */,
				C70A6D0A200A15B30021090F /* Products */,
				1C8AE0301730261EC8E01E2C /* Pods */,
				AFE3945CB238B466DA486F1C /* Frameworks */,
			);
			sourceTree = "<group>";
		};
		C70A6D0A200A15B30021090F /* Products */ = {
			isa = PBXGroup;
			children = (
				C70A6D09200A15B30021090F /* SDSUSchedule_IOS.app */,
				C70A6D1D200A15B30021090F /* SDSUSchedule_IOSTests.xctest */,
				C70A6D28200A15B30021090F /* SDSUSchedule_IOSUITests.xctest */,
			);
			name = Products;
			sourceTree = "<group>";
		};
		C70A6D0B200A15B30021090F /* SDSUSchedule_IOS */ = {
			isa = PBXGroup;
			children = (
				EB43E2AB200E36A800162BF8 /* SDSUSchedule_IOS.entitlements */,
				C70A6D0C200A15B30021090F /* AppDelegate.swift */,
				C70A6D0E200A15B30021090F /* ViewController.swift */,
				C70A6D10200A15B30021090F /* Main.storyboard */,
				C70A6D13200A15B30021090F /* Assets.xcassets */,
				C70A6D15200A15B30021090F /* LaunchScreen.storyboard */,
				C70A6D18200A15B30021090F /* Info.plist */,
				305ED357201214B500AE36B4 /* GoogleService-Info.plist */,
			);
			path = SDSUSchedule_IOS;
			sourceTree = "<group>";
		};
		C70A6D20200A15B30021090F /* SDSUSchedule_IOSTests */ = {
			isa = PBXGroup;
			children = (
				C70A6D21200A15B30021090F /* SDSUSchedule_IOSTests.swift */,
				C70A6D23200A15B30021090F /* Info.plist */,
			);
			path = SDSUSchedule_IOSTests;
			sourceTree = "<group>";
		};
		C70A6D2B200A15B30021090F /* SDSUSchedule_IOSUITests */ = {
			isa = PBXGroup;
			children = (
				C70A6D2C200A15B30021090F /* SDSUSchedule_IOSUITests.swift */,
				C70A6D2E200A15B30021090F /* Info.plist */,
			);
			path = SDSUSchedule_IOSUITests;
			sourceTree = "<group>";
		};
/* End PBXGroup section */

/* Begin PBXNativeTarget section */
		C70A6D08200A15B30021090F /* SDSUSchedule_IOS */ = {
			isa = PBXNativeTarget;
			buildConfigurationList = C70A6D31200A15B30021090F /* Build configuration list for PBXNativeTarget "SDSUSchedule_IOS" */;
			buildPhases = (
				3E22898048CB429679FDD96A /* [CP] Check Pods Manifest.lock */,
				C70A6D05200A15B30021090F /* Sources */,
				C70A6D06200A15B30021090F /* Frameworks */,
				C70A6D07200A15B30021090F /* Resources */,
				1A12E5556CF5C3E971B30508 /* [CP] Embed Pods Frameworks */,
				96D3AEF1624EC90B67EBC733 /* [CP] Copy Pods Resources */,
			);
			buildRules = (
			);
			dependencies = (
			);
			name = SDSUSchedule_IOS;
			productName = SDSUSchedule_IOS;
			productReference = C70A6D09200A15B30021090F /* SDSUSchedule_IOS.app */;
			productType = "com.apple.product-type.application";
		};
		C70A6D1C200A15B30021090F /* SDSUSchedule_IOSTests */ = {
			isa = PBXNativeTarget;
			buildConfigurationList = C70A6D34200A15B30021090F /* Build configuration list for PBXNativeTarget "SDSUSchedule_IOSTests" */;
			buildPhases = (
				02804D547698ABF08A0A564C /* [CP] Check Pods Manifest.lock */,
				C70A6D19200A15B30021090F /* Sources */,
				C70A6D1A200A15B30021090F /* Frameworks */,
				C70A6D1B200A15B30021090F /* Resources */,
				2C60000D0E0B88684901DEFC /* [CP] Embed Pods Frameworks */,
				5FE42C172F5787B587283C9D /* [CP] Copy Pods Resources */,
			);
			buildRules = (
			);
			dependencies = (
				C70A6D1F200A15B30021090F /* PBXTargetDependency */,
			);
			name = SDSUSchedule_IOSTests;
			productName = SDSUSchedule_IOSTests;
			productReference = C70A6D1D200A15B30021090F /* SDSUSchedule_IOSTests.xctest */;
			productType = "com.apple.product-type.bundle.unit-test";
		};
		C70A6D27200A15B30021090F /* SDSUSchedule_IOSUITests */ = {
			isa = PBXNativeTarget;
			buildConfigurationList = C70A6D37200A15B30021090F /* Build configuration list for PBXNativeTarget "SDSUSchedule_IOSUITests" */;
			buildPhases = (
				FA9FEB5E1515C029C667A532 /* [CP] Check Pods Manifest.lock */,
				C70A6D24200A15B30021090F /* Sources */,
				C70A6D25200A15B30021090F /* Frameworks */,
				C70A6D26200A15B30021090F /* Resources */,
				574D7262BAAF2C408F4ED82E /* [CP] Embed Pods Frameworks */,
				7389EA113EFC45A4EC07C965 /* [CP] Copy Pods Resources */,
			);
			buildRules = (
			);
			dependencies = (
				C70A6D2A200A15B30021090F /* PBXTargetDependency */,
			);
			name = SDSUSchedule_IOSUITests;
			productName = SDSUSchedule_IOSUITests;
			productReference = C70A6D28200A15B30021090F /* SDSUSchedule_IOSUITests.xctest */;
			productType = "com.apple.product-type.bundle.ui-testing";
		};
/* End PBXNativeTarget section */

/* Begin PBXProject section */
		C70A6D01200A15B30021090F /* Project object */ = {
			isa = PBXProject;
			attributes = {
				LastSwiftUpdateCheck = 0920;
				LastUpgradeCheck = 0920;
				ORGANIZATIONNAME = SDSU;
				TargetAttributes = {
					C70A6D08200A15B30021090F = {
						CreatedOnToolsVersion = 9.2;
						ProvisioningStyle = Automatic;
						SystemCapabilities = {
							com.apple.BackgroundModes = {
								enabled = 1;
							};
							com.apple.Push = {
								enabled = 1;
							};
						};
					};
					C70A6D1C200A15B30021090F = {
						CreatedOnToolsVersion = 9.2;
						ProvisioningStyle = Automatic;
						TestTargetID = C70A6D08200A15B30021090F;
					};
					C70A6D27200A15B30021090F = {
						CreatedOnToolsVersion = 9.2;
						ProvisioningStyle = Automatic;
						TestTargetID = C70A6D08200A15B30021090F;
					};
				};
			};
			buildConfigurationList = C70A6D04200A15B30021090F /* Build configuration list for PBXProject "SDSUSchedule_IOS" */;
			compatibilityVersion = "Xcode 8.0";
			developmentRegion = en;
			hasScannedForEncodings = 0;
			knownRegions = (
				en,
				Base,
			);
			mainGroup = C70A6D00200A15B30021090F;
			productRefGroup = C70A6D0A200A15B30021090F /* Products */;
			projectDirPath = "";
			projectRoot = "";
			targets = (
				C70A6D08200A15B30021090F /* SDSUSchedule_IOS */,
				C70A6D1C200A15B30021090F /* SDSUSchedule_IOSTests */,
				C70A6D27200A15B30021090F /* SDSUSchedule_IOSUITests */,
			);
		};
/* End PBXProject section */

/* Begin PBXResourcesBuildPhase section */
		C70A6D07200A15B30021090F /* Resources */ = {
			isa = PBXResourcesBuildPhase;
			buildActionMask = 2147483647;
			files = (
				C70A6D17200A15B30021090F /* LaunchScreen.storyboard in Resources */,
				305ED358201214B500AE36B4 /* GoogleService-Info.plist in Resources */,
				C70A6D14200A15B30021090F /* Assets.xcassets in Resources */,
				C70A6D12200A15B30021090F /* Main.storyboard in Resources */,
			);
			runOnlyForDeploymentPostprocessing = 0;
		};
		C70A6D1B200A15B30021090F /* Resources */ = {
			isa = PBXResourcesBuildPhase;
			buildActionMask = 2147483647;
			files = (
				305ED359201214B500AE36B4 /* GoogleService-Info.plist in Resources */,
			);
			runOnlyForDeploymentPostprocessing = 0;
		};
		C70A6D26200A15B30021090F /* Resources */ = {
			isa = PBXResourcesBuildPhase;
			buildActionMask = 2147483647;
			files = (
				305ED35A201214B500AE36B4 /* GoogleService-Info.plist in Resources */,
			);
			runOnlyForDeploymentPostprocessing = 0;
		};
/* End PBXResourcesBuildPhase section */

/* Begin PBXShellScriptBuildPhase section */
		02804D547698ABF08A0A564C /* [CP] Check Pods Manifest.lock */ = {
			isa = PBXShellScriptBuildPhase;
			buildActionMask = 2147483647;
			files = (
			);
			inputPaths = (
				"${PODS_PODFILE_DIR_PATH}/Podfile.lock",
				"${PODS_ROOT}/Manifest.lock",
			);
			name = "[CP] Check Pods Manifest.lock";
			outputPaths = (
				"$(DERIVED_FILE_DIR)/Pods-SDSUSchedule_IOSTests-checkManifestLockResult.txt",
			);
			runOnlyForDeploymentPostprocessing = 0;
			shellPath = /bin/sh;
			shellScript = "diff \"${PODS_PODFILE_DIR_PATH}/Podfile.lock\" \"${PODS_ROOT}/Manifest.lock\" > /dev/null\nif [ $? != 0 ] ; then\n    # print error to STDERR\n    echo \"error: The sandbox is not in sync with the Podfile.lock. Run 'pod install' or update your CocoaPods installation.\" >&2\n    exit 1\nfi\n# This output is used by Xcode 'outputs' to avoid re-running this script phase.\necho \"SUCCESS\" > \"${SCRIPT_OUTPUT_FILE_0}\"\n";
			showEnvVarsInLog = 0;
		};
		1A12E5556CF5C3E971B30508 /* [CP] Embed Pods Frameworks */ = {
			isa = PBXShellScriptBuildPhase;
			buildActionMask = 2147483647;
			files = (
			);
			inputPaths = (
				"${SRCROOT}/Pods/Target Support Files/Pods-SDSUSchedule_IOS/Pods-SDSUSchedule_IOS-frameworks.sh",
				"${BUILT_PRODUCTS_DIR}/GoogleToolboxForMac/GoogleToolboxForMac.framework",
				"${BUILT_PRODUCTS_DIR}/Protobuf/Protobuf.framework",
				"${BUILT_PRODUCTS_DIR}/nanopb/nanopb.framework",
			);
			name = "[CP] Embed Pods Frameworks";
			outputPaths = (
				"${TARGET_BUILD_DIR}/${FRAMEWORKS_FOLDER_PATH}/GoogleToolboxForMac.framework",
				"${TARGET_BUILD_DIR}/${FRAMEWORKS_FOLDER_PATH}/Protobuf.framework",
				"${TARGET_BUILD_DIR}/${FRAMEWORKS_FOLDER_PATH}/nanopb.framework",
			);
			runOnlyForDeploymentPostprocessing = 0;
			shellPath = /bin/sh;
			shellScript = "\"${SRCROOT}/Pods/Target Support Files/Pods-SDSUSchedule_IOS/Pods-SDSUSchedule_IOS-frameworks.sh\"\n";
			showEnvVarsInLog = 0;
		};
		2C60000D0E0B88684901DEFC /* [CP] Embed Pods Frameworks */ = {
			isa = PBXShellScriptBuildPhase;
			buildActionMask = 2147483647;
			files = (
			);
			inputPaths = (
			);
			name = "[CP] Embed Pods Frameworks";
			outputPaths = (
			);
			runOnlyForDeploymentPostprocessing = 0;
			shellPath = /bin/sh;
			shellScript = "\"${SRCROOT}/Pods/Target Support Files/Pods-SDSUSchedule_IOSTests/Pods-SDSUSchedule_IOSTests-frameworks.sh\"\n";
			showEnvVarsInLog = 0;
		};
		3E22898048CB429679FDD96A /* [CP] Check Pods Manifest.lock */ = {
			isa = PBXShellScriptBuildPhase;
			buildActionMask = 2147483647;
			files = (
			);
			inputPaths = (
				"${PODS_PODFILE_DIR_PATH}/Podfile.lock",
				"${PODS_ROOT}/Manifest.lock",
			);
			name = "[CP] Check Pods Manifest.lock";
			outputPaths = (
				"$(DERIVED_FILE_DIR)/Pods-SDSUSchedule_IOS-checkManifestLockResult.txt",
			);
			runOnlyForDeploymentPostprocessing = 0;
			shellPath = /bin/sh;
			shellScript = "diff \"${PODS_PODFILE_DIR_PATH}/Podfile.lock\" \"${PODS_ROOT}/Manifest.lock\" > /dev/null\nif [ $? != 0 ] ; then\n    # print error to STDERR\n    echo \"error: The sandbox is not in sync with the Podfile.lock. Run 'pod install' or update your CocoaPods installation.\" >&2\n    exit 1\nfi\n# This output is used by Xcode 'outputs' to avoid re-running this script phase.\necho \"SUCCESS\" > \"${SCRIPT_OUTPUT_FILE_0}\"\n";
			showEnvVarsInLog = 0;
		};
		574D7262BAAF2C408F4ED82E /* [CP] Embed Pods Frameworks */ = {
			isa = PBXShellScriptBuildPhase;
			buildActionMask = 2147483647;
			files = (
			);
			inputPaths = (
			);
			name = "[CP] Embed Pods Frameworks";
			outputPaths = (
			);
			runOnlyForDeploymentPostprocessing = 0;
			shellPath = /bin/sh;
			shellScript = "\"${SRCROOT}/Pods/Target Support Files/Pods-SDSUSchedule_IOSUITests/Pods-SDSUSchedule_IOSUITests-frameworks.sh\"\n";
			showEnvVarsInLog = 0;
		};
		5FE42C172F5787B587283C9D /* [CP] Copy Pods Resources */ = {
			isa = PBXShellScriptBuildPhase;
			buildActionMask = 2147483647;
			files = (
			);
			inputPaths = (
			);
			name = "[CP] Copy Pods Resources";
			outputPaths = (
			);
			runOnlyForDeploymentPostprocessing = 0;
			shellPath = /bin/sh;
			shellScript = "\"${SRCROOT}/Pods/Target Support Files/Pods-SDSUSchedule_IOSTests/Pods-SDSUSchedule_IOSTests-resources.sh\"\n";
			showEnvVarsInLog = 0;
		};
		7389EA113EFC45A4EC07C965 /* [CP] Copy Pods Resources */ = {
			isa = PBXShellScriptBuildPhase;
			buildActionMask = 2147483647;
			files = (
			);
			inputPaths = (
			);
			name = "[CP] Copy Pods Resources";
			outputPaths = (
			);
			runOnlyForDeploymentPostprocessing = 0;
			shellPath = /bin/sh;
			shellScript = "\"${SRCROOT}/Pods/Target Support Files/Pods-SDSUSchedule_IOSUITests/Pods-SDSUSchedule_IOSUITests-resources.sh\"\n";
			showEnvVarsInLog = 0;
		};
		96D3AEF1624EC90B67EBC733 /* [CP] Copy Pods Resources */ = {
			isa = PBXShellScriptBuildPhase;
			buildActionMask = 2147483647;
			files = (
			);
			inputPaths = (
			);
			name = "[CP] Copy Pods Resources";
			outputPaths = (
			);
			runOnlyForDeploymentPostprocessing = 0;
			shellPath = /bin/sh;
			shellScript = "\"${SRCROOT}/Pods/Target Support Files/Pods-SDSUSchedule_IOS/Pods-SDSUSchedule_IOS-resources.sh\"\n";
			showEnvVarsInLog = 0;
		};
		FA9FEB5E1515C029C667A532 /* [CP] Check Pods Manifest.lock */ = {
			isa = PBXShellScriptBuildPhase;
			buildActionMask = 2147483647;
			files = (
			);
			inputPaths = (
				"${PODS_PODFILE_DIR_PATH}/Podfile.lock",
				"${PODS_ROOT}/Manifest.lock",
			);
			name = "[CP] Check Pods Manifest.lock";
			outputPaths = (
				"$(DERIVED_FILE_DIR)/Pods-SDSUSchedule_IOSUITests-checkManifestLockResult.txt",
			);
			runOnlyForDeploymentPostprocessing = 0;
			shellPath = /bin/sh;
			shellScript = "diff \"${PODS_PODFILE_DIR_PATH}/Podfile.lock\" \"${PODS_ROOT}/Manifest.lock\" > /dev/null\nif [ $? != 0 ] ; then\n    # print error to STDERR\n    echo \"error: The sandbox is not in sync with the Podfile.lock. Run 'pod install' or update your CocoaPods installation.\" >&2\n    exit 1\nfi\n# This output is used by Xcode 'outputs' to avoid re-running this script phase.\necho \"SUCCESS\" > \"${SCRIPT_OUTPUT_FILE_0}\"\n";
			showEnvVarsInLog = 0;
		};
/* End PBXShellScriptBuildPhase section */

/* Begin PBXSourcesBuildPhase section */
		C70A6D05200A15B30021090F /* Sources */ = {
			isa = PBXSourcesBuildPhase;
			buildActionMask = 2147483647;
			files = (
				C70A6D0F200A15B30021090F /* ViewController.swift in Sources */,
				C70A6D0D200A15B30021090F /* AppDelegate.swift in Sources */,
			);
			runOnlyForDeploymentPostprocessing = 0;
		};
		C70A6D19200A15B30021090F /* Sources */ = {
			isa = PBXSourcesBuildPhase;
			buildActionMask = 2147483647;
			files = (
				C70A6D22200A15B30021090F /* SDSUSchedule_IOSTests.swift in Sources */,
			);
			runOnlyForDeploymentPostprocessing = 0;
		};
		C70A6D24200A15B30021090F /* Sources */ = {
			isa = PBXSourcesBuildPhase;
			buildActionMask = 2147483647;
			files = (
				C70A6D2D200A15B30021090F /* SDSUSchedule_IOSUITests.swift in Sources */,
			);
			runOnlyForDeploymentPostprocessing = 0;
		};
/* End PBXSourcesBuildPhase section */

/* Begin PBXTargetDependency section */
		C70A6D1F200A15B30021090F /* PBXTargetDependency */ = {
			isa = PBXTargetDependency;
			target = C70A6D08200A15B30021090F /* SDSUSchedule_IOS */;
			targetProxy = C70A6D1E200A15B30021090F /* PBXContainerItemProxy */;
		};
		C70A6D2A200A15B30021090F /* PBXTargetDependency */ = {
			isa = PBXTargetDependency;
			target = C70A6D08200A15B30021090F /* SDSUSchedule_IOS */;
			targetProxy = C70A6D29200A15B30021090F /* PBXContainerItemProxy */;
		};
/* End PBXTargetDependency section */

/* Begin PBXVariantGroup section */
		C70A6D10200A15B30021090F /* Main.storyboard */ = {
			isa = PBXVariantGroup;
			children = (
				C70A6D11200A15B30021090F /* Base */,
			);
			name = Main.storyboard;
			sourceTree = "<group>";
		};
		C70A6D15200A15B30021090F /* LaunchScreen.storyboard */ = {
			isa = PBXVariantGroup;
			children = (
				C70A6D16200A15B30021090F /* Base */,
			);
			name = LaunchScreen.storyboard;
			sourceTree = "<group>";
		};
/* End PBXVariantGroup section */

/* Begin XCBuildConfiguration section */
		C70A6D2F200A15B30021090F /* Debug */ = {
			isa = XCBuildConfiguration;
			buildSettings = {
				ALWAYS_SEARCH_USER_PATHS = NO;
				CLANG_ANALYZER_NONNULL = YES;
				CLANG_ANALYZER_NUMBER_OBJECT_CONVERSION = YES_AGGRESSIVE;
				CLANG_CXX_LANGUAGE_STANDARD = "gnu++14";
				CLANG_CXX_LIBRARY = "libc++";
				CLANG_ENABLE_MODULES = YES;
				CLANG_ENABLE_OBJC_ARC = YES;
				CLANG_WARN_BLOCK_CAPTURE_AUTORELEASING = YES;
				CLANG_WARN_BOOL_CONVERSION = YES;
				CLANG_WARN_COMMA = YES;
				CLANG_WARN_CONSTANT_CONVERSION = YES;
				CLANG_WARN_DIRECT_OBJC_ISA_USAGE = YES_ERROR;
				CLANG_WARN_DOCUMENTATION_COMMENTS = YES;
				CLANG_WARN_EMPTY_BODY = YES;
				CLANG_WARN_ENUM_CONVERSION = YES;
				CLANG_WARN_INFINITE_RECURSION = YES;
				CLANG_WARN_INT_CONVERSION = YES;
				CLANG_WARN_NON_LITERAL_NULL_CONVERSION = YES;
				CLANG_WARN_OBJC_LITERAL_CONVERSION = YES;
				CLANG_WARN_OBJC_ROOT_CLASS = YES_ERROR;
				CLANG_WARN_RANGE_LOOP_ANALYSIS = YES;
				CLANG_WARN_STRICT_PROTOTYPES = YES;
				CLANG_WARN_SUSPICIOUS_MOVE = YES;
				CLANG_WARN_UNGUARDED_AVAILABILITY = YES_AGGRESSIVE;
				CLANG_WARN_UNREACHABLE_CODE = YES;
				CLANG_WARN__DUPLICATE_METHOD_MATCH = YES;
				CODE_SIGN_IDENTITY = "iPhone Developer";
				COPY_PHASE_STRIP = NO;
				DEBUG_INFORMATION_FORMAT = dwarf;
				ENABLE_STRICT_OBJC_MSGSEND = YES;
				ENABLE_TESTABILITY = YES;
				GCC_C_LANGUAGE_STANDARD = gnu11;
				GCC_DYNAMIC_NO_PIC = NO;
				GCC_NO_COMMON_BLOCKS = YES;
				GCC_OPTIMIZATION_LEVEL = 0;
				GCC_PREPROCESSOR_DEFINITIONS = (
					"DEBUG=1",
					"$(inherited)",
				);
				GCC_WARN_64_TO_32_BIT_CONVERSION = YES;
				GCC_WARN_ABOUT_RETURN_TYPE = YES_ERROR;
				GCC_WARN_UNDECLARED_SELECTOR = YES;
				GCC_WARN_UNINITIALIZED_AUTOS = YES_AGGRESSIVE;
				GCC_WARN_UNUSED_FUNCTION = YES;
				GCC_WARN_UNUSED_VARIABLE = YES;
				IPHONEOS_DEPLOYMENT_TARGET = 11.2;
				MTL_ENABLE_DEBUG_INFO = YES;
				ONLY_ACTIVE_ARCH = YES;
				SDKROOT = iphoneos;
				SWIFT_ACTIVE_COMPILATION_CONDITIONS = DEBUG;
				SWIFT_OPTIMIZATION_LEVEL = "-Onone";
			};
			name = Debug;
		};
		C70A6D30200A15B30021090F /* Release */ = {
			isa = XCBuildConfiguration;
			buildSettings = {
				ALWAYS_SEARCH_USER_PATHS = NO;
				CLANG_ANALYZER_NONNULL = YES;
				CLANG_ANALYZER_NUMBER_OBJECT_CONVERSION = YES_AGGRESSIVE;
				CLANG_CXX_LANGUAGE_STANDARD = "gnu++14";
				CLANG_CXX_LIBRARY = "libc++";
				CLANG_ENABLE_MODULES = YES;
				CLANG_ENABLE_OBJC_ARC = YES;
				CLANG_WARN_BLOCK_CAPTURE_AUTORELEASING = YES;
				CLANG_WARN_BOOL_CONVERSION = YES;
				CLANG_WARN_COMMA = YES;
				CLANG_WARN_CONSTANT_CONVERSION = YES;
				CLANG_WARN_DIRECT_OBJC_ISA_USAGE = YES_ERROR;
				CLANG_WARN_DOCUMENTATION_COMMENTS = YES;
				CLANG_WARN_EMPTY_BODY = YES;
				CLANG_WARN_ENUM_CONVERSION = YES;
				CLANG_WARN_INFINITE_RECURSION = YES;
				CLANG_WARN_INT_CONVERSION = YES;
				CLANG_WARN_NON_LITERAL_NULL_CONVERSION = YES;
				CLANG_WARN_OBJC_LITERAL_CONVERSION = YES;
				CLANG_WARN_OBJC_ROOT_CLASS = YES_ERROR;
				CLANG_WARN_RANGE_LOOP_ANALYSIS = YES;
				CLANG_WARN_STRICT_PROTOTYPES = YES;
				CLANG_WARN_SUSPICIOUS_MOVE = YES;
				CLANG_WARN_UNGUARDED_AVAILABILITY = YES_AGGRESSIVE;
				CLANG_WARN_UNREACHABLE_CODE = YES;
				CLANG_WARN__DUPLICATE_METHOD_MATCH = YES;
				CODE_SIGN_IDENTITY = "iPhone Developer";
				COPY_PHASE_STRIP = NO;
				DEBUG_INFORMATION_FORMAT = "dwarf-with-dsym";
				ENABLE_NS_ASSERTIONS = NO;
				ENABLE_STRICT_OBJC_MSGSEND = YES;
				GCC_C_LANGUAGE_STANDARD = gnu11;
				GCC_NO_COMMON_BLOCKS = YES;
				GCC_WARN_64_TO_32_BIT_CONVERSION = YES;
				GCC_WARN_ABOUT_RETURN_TYPE = YES_ERROR;
				GCC_WARN_UNDECLARED_SELECTOR = YES;
				GCC_WARN_UNINITIALIZED_AUTOS = YES_AGGRESSIVE;
				GCC_WARN_UNUSED_FUNCTION = YES;
				GCC_WARN_UNUSED_VARIABLE = YES;
				IPHONEOS_DEPLOYMENT_TARGET = 11.2;
				MTL_ENABLE_DEBUG_INFO = NO;
				SDKROOT = iphoneos;
				SWIFT_OPTIMIZATION_LEVEL = "-Owholemodule";
				VALIDATE_PRODUCT = YES;
			};
			name = Release;
		};
		C70A6D32200A15B30021090F /* Debug */ = {
			isa = XCBuildConfiguration;
			baseConfigurationReference = 9D5F218B9333F507D6F5D398 /* Pods-SDSUSchedule_IOS.debug.xcconfig */;
			buildSettings = {
				ASSETCATALOG_COMPILER_APPICON_NAME = AppIcon;
				CODE_SIGN_ENTITLEMENTS = SDSUSchedule_IOS/SDSUSchedule_IOS.entitlements;
				CODE_SIGN_STYLE = Automatic;
				DEVELOPMENT_TEAM = G52C625LVS;
				INFOPLIST_FILE = SDSUSchedule_IOS/Info.plist;
				LD_RUNPATH_SEARCH_PATHS = "$(inherited) @executable_path/Frameworks";
				PRODUCT_BUNDLE_IDENTIFIER = sySTEM.sdsuschedule;
				PRODUCT_NAME = "$(TARGET_NAME)";
				SWIFT_VERSION = 4.0;
				TARGETED_DEVICE_FAMILY = "1,2";
			};
			name = Debug;
		};
		C70A6D33200A15B30021090F /* Release */ = {
			isa = XCBuildConfiguration;
			baseConfigurationReference = 979448811960C5FB4E3738E1 /* Pods-SDSUSchedule_IOS.release.xcconfig */;
			buildSettings = {
				ASSETCATALOG_COMPILER_APPICON_NAME = AppIcon;
				CODE_SIGN_ENTITLEMENTS = SDSUSchedule_IOS/SDSUSchedule_IOS.entitlements;
				CODE_SIGN_STYLE = Automatic;
				DEVELOPMENT_TEAM = G52C625LVS;
				INFOPLIST_FILE = SDSUSchedule_IOS/Info.plist;
				LD_RUNPATH_SEARCH_PATHS = "$(inherited) @executable_path/Frameworks";
				PRODUCT_BUNDLE_IDENTIFIER = sySTEM.sdsuschedule;
				PRODUCT_NAME = "$(TARGET_NAME)";
				SWIFT_VERSION = 4.0;
				TARGETED_DEVICE_FAMILY = "1,2";
			};
			name = Release;
		};
		C70A6D35200A15B30021090F /* Debug */ = {
			isa = XCBuildConfiguration;
			baseConfigurationReference = D12D566DEF263DE5DD652A2C /* Pods-SDSUSchedule_IOSTests.debug.xcconfig */;
			buildSettings = {
				ALWAYS_EMBED_SWIFT_STANDARD_LIBRARIES = YES;
				BUNDLE_LOADER = "$(TEST_HOST)";
				CODE_SIGN_STYLE = Automatic;
				DEVELOPMENT_TEAM = TGZ4A5QGUX;
				INFOPLIST_FILE = SDSUSchedule_IOSTests/Info.plist;
				LD_RUNPATH_SEARCH_PATHS = "$(inherited) @executable_path/Frameworks @loader_path/Frameworks";
				PRODUCT_BUNDLE_IDENTIFIER = "sySTEM.SDSUSchedule-IOSTests";
				PRODUCT_NAME = "$(TARGET_NAME)";
				SWIFT_VERSION = 4.0;
				TARGETED_DEVICE_FAMILY = "1,2";
				TEST_HOST = "$(BUILT_PRODUCTS_DIR)/SDSUSchedule_IOS.app/SDSUSchedule_IOS";
			};
			name = Debug;
		};
		C70A6D36200A15B30021090F /* Release */ = {
			isa = XCBuildConfiguration;
			baseConfigurationReference = 8B7B163E71350EF18DFDF044 /* Pods-SDSUSchedule_IOSTests.release.xcconfig */;
			buildSettings = {
				ALWAYS_EMBED_SWIFT_STANDARD_LIBRARIES = YES;
				BUNDLE_LOADER = "$(TEST_HOST)";
				CODE_SIGN_STYLE = Automatic;
				DEVELOPMENT_TEAM = TGZ4A5QGUX;
				INFOPLIST_FILE = SDSUSchedule_IOSTests/Info.plist;
				LD_RUNPATH_SEARCH_PATHS = "$(inherited) @executable_path/Frameworks @loader_path/Frameworks";
				PRODUCT_BUNDLE_IDENTIFIER = "sySTEM.SDSUSchedule-IOSTests";
				PRODUCT_NAME = "$(TARGET_NAME)";
				SWIFT_VERSION = 4.0;
				TARGETED_DEVICE_FAMILY = "1,2";
				TEST_HOST = "$(BUILT_PRODUCTS_DIR)/SDSUSchedule_IOS.app/SDSUSchedule_IOS";
			};
			name = Release;
		};
		C70A6D38200A15B30021090F /* Debug */ = {
			isa = XCBuildConfiguration;
			baseConfigurationReference = 4A4DFF15AFDDD76BAA986E28 /* Pods-SDSUSchedule_IOSUITests.debug.xcconfig */;
			buildSettings = {
				ALWAYS_EMBED_SWIFT_STANDARD_LIBRARIES = YES;
				CODE_SIGN_STYLE = Automatic;
				DEVELOPMENT_TEAM = TGZ4A5QGUX;
				INFOPLIST_FILE = SDSUSchedule_IOSUITests/Info.plist;
				LD_RUNPATH_SEARCH_PATHS = "$(inherited) @executable_path/Frameworks @loader_path/Frameworks";
				PRODUCT_BUNDLE_IDENTIFIER = "sySTEM.SDSUSchedule-IOSUITests";
				PRODUCT_NAME = "$(TARGET_NAME)";
				SWIFT_VERSION = 4.0;
				TARGETED_DEVICE_FAMILY = "1,2";
				TEST_TARGET_NAME = SDSUSchedule_IOS;
			};
			name = Debug;
		};
		C70A6D39200A15B30021090F /* Release */ = {
			isa = XCBuildConfiguration;
			baseConfigurationReference = F630A44E42D5E8C075DF31C9 /* Pods-SDSUSchedule_IOSUITests.release.xcconfig */;
			buildSettings = {
				ALWAYS_EMBED_SWIFT_STANDARD_LIBRARIES = YES;
				CODE_SIGN_STYLE = Automatic;
				DEVELOPMENT_TEAM = TGZ4A5QGUX;
				INFOPLIST_FILE = SDSUSchedule_IOSUITests/Info.plist;
				LD_RUNPATH_SEARCH_PATHS = "$(inherited) @executable_path/Frameworks @loader_path/Frameworks";
				PRODUCT_BUNDLE_IDENTIFIER = "sySTEM.SDSUSchedule-IOSUITests";
				PRODUCT_NAME = "$(TARGET_NAME)";
				SWIFT_VERSION = 4.0;
				TARGETED_DEVICE_FAMILY = "1,2";
				TEST_TARGET_NAME = SDSUSchedule_IOS;
			};
			name = Release;
		};
/* End XCBuildConfiguration section */

/* Begin XCConfigurationList section */
		C70A6D04200A15B30021090F /* Build configuration list for PBXProject "SDSUSchedule_IOS" */ = {
			isa = XCConfigurationList;
			buildConfigurations = (
				C70A6D2F200A15B30021090F /* Debug */,
				C70A6D30200A15B30021090F /* Release */,
			);
			defaultConfigurationIsVisible = 0;
			defaultConfigurationName = Release;
		};
		C70A6D31200A15B30021090F /* Build configuration list for PBXNativeTarget "SDSUSchedule_IOS" */ = {
			isa = XCConfigurationList;
			buildConfigurations = (
				C70A6D32200A15B30021090F /* Debug */,
				C70A6D33200A15B30021090F /* Release */,
			);
			defaultConfigurationIsVisible = 0;
			defaultConfigurationName = Release;
		};
		C70A6D34200A15B30021090F /* Build configuration list for PBXNativeTarget "SDSUSchedule_IOSTests" */ = {
			isa = XCConfigurationList;
			buildConfigurations = (
				C70A6D35200A15B30021090F /* Debug */,
				C70A6D36200A15B30021090F /* Release */,
			);
			defaultConfigurationIsVisible = 0;
			defaultConfigurationName = Release;
		};
		C70A6D37200A15B30021090F /* Build configuration list for PBXNativeTarget "SDSUSchedule_IOSUITests" */ = {
			isa = XCConfigurationList;
			buildConfigurations = (
				C70A6D38200A15B30021090F /* Debug */,
				C70A6D39200A15B30021090F /* Release */,
			);
			defaultConfigurationIsVisible = 0;
			defaultConfigurationName = Release;
		};
/* End XCConfigurationList section */
	};
	rootObject = C70A6D01200A15B30021090F /* Project object */;
}
